<?xml version="1.0" encoding="UTF-8" standalone="yes" ?>
<CodeBlocks_project_file>
	<FileVersion major="1" minor="6" />
	<Project>
		<Option title="Shooter" />
		<Option pch_mode="2" />
		<Option compiler="gcc" />
		<Build>
			<Target title="Debug">
				<Option output="bin/Debug/GameEngine" prefix_auto="1" extension_auto="1" />
				<Option object_output="obj/Debug/" />
				<Option type="0" />
				<Option compiler="gcc" />
				<Compiler>
					<Add option="-g" />
					<Add directory="include" />
				</Compiler>
			</Target>
			<Target title="Release">
				<Option output="bin/Release/GameEngine" prefix_auto="1" extension_auto="1" />
				<Option object_output="obj/Release/" />
				<Option type="1" />
				<Option compiler="gcc" />
				<Compiler>
					<Add option="-O2" />
					<Add directory="include" />
				</Compiler>
				<Linker>
					<Add option="-s" />
				</Linker>
			</Target>
		</Build>
		<Compiler>
			<Add option="-Wall" />
		</Compiler>
		<Unit filename="include/Background.h" />
		<Unit filename="include/Bullet.h" />
		<Unit filename="include/Character.h" />
		<Unit filename="include/EN.h" />
		<Unit filename="include/Game.h" />
		<Unit filename="include/Gameover.h" />
		<Unit filename="include/Healthbar.h" />
		<Unit filename="include/Mainmenu.h" />
		<Unit filename="include/PL.h" />
		<Unit filename="include/Pickup.h" />
		<Unit filename="include/Selectship.h" />
		<Unit filename="main.cpp" />
		<Unit filename="src/Background.cpp" />
		<Unit filename="src/Bullet.cpp" />
		<Unit filename="src/Character.cpp" />
		<Unit filename="src/EN.cpp" />
		<Unit filename="src/Game.cpp" />
		<Unit filename="src/Gameover.cpp" />
		<Unit filename="src/Healthbar.cpp" />
		<Unit filename="src/Mainmenu.cpp" />
		<Unit filename="src/PL.cpp" />
		<Unit filename="src/Pickup.cpp" />
		<Unit filename="src/Selectship.cpp" />
		<Extensions>
			<code_completion />
			<envvars />
			<debugger />
		</Extensions>
	</Project>
</CodeBlocks_project_file>
